// !$*UTF8*$!
{
	archiveVersion = 1;
	classes = {
	};
	objectVersion = 56;
	objects = {

/* Begin PBXBuildFile section */
		5B93F0952A261C3C00E53CD8 /* RotationTutorialApp.swift in Sources */ = {isa = PBXBuildFile; fileRef = 5B93F0942A261C3C00E53CD8 /* RotationTutorialApp.swift */; };
		5B93F0992A261C3D00E53CD8 /* Assets.xcassets in Resources */ = {isa = PBXBuildFile; fileRef = 5B93F0982A261C3D00E53CD8 /* Assets.xcassets */; };
		5B93F09C2A261C3D00E53CD8 /* Preview Assets.xcassets in Resources */ = {isa = PBXBuildFile; fileRef = 5B93F09B2A261C3D00E53CD8 /* Preview Assets.xcassets */; };
		5B93F0A32A261C4600E53CD8 /* Rotation.swift in Sources */ = {isa = PBXBuildFile; fileRef = 5B93F0A22A261C4600E53CD8 /* Rotation.swift */; };
		5B93F0F02A2638CA00E53CD8 /* Tree_average_bare.dae in Resources */ = {isa = PBXBuildFile; fileRef = 5B93F0EF2A2638CA00E53CD8 /* Tree_average_bare.dae */; };
		5B93F0F22A26F7B800E53CD8 /* CustomSceneView.swift in Sources */ = {isa = PBXBuildFile; fileRef = 5B93F0F12A26F7B800E53CD8 /* CustomSceneView.swift */; };
		5B93F0F42A26F87C00E53CD8 /* Home.swift in Sources */ = {isa = PBXBuildFile; fileRef = 5B93F0F32A26F87C00E53CD8 /* Home.swift */; };
		5B93F0F62A26F98700E53CD8 /* ContentView.swift in Sources */ = {isa = PBXBuildFile; fileRef = 5B93F0F52A26F98700E53CD8 /* ContentView.swift */; };
		5B93F0F82A27350100E53CD8 /* Tree_average_bare.scn in Resources */ = {isa = PBXBuildFile; fileRef = 5B93F0F72A27350100E53CD8 /* Tree_average_bare.scn */; };
/* End PBXBuildFile section */

/* Begin PBXFileReference section */
		5B93F0912A261C3C00E53CD8 /* RotationTutorial.app */ = {isa = PBXFileReference; explicitFileType = wrapper.application; includeInIndex = 0; path = RotationTutorial.app; sourceTree = BUILT_PRODUCTS_DIR; };
		5B93F0942A261C3C00E53CD8 /* RotationTutorialApp.swift */ = {isa = PBXFileReference; lastKnownFileType = sourcecode.swift; path = RotationTutorialApp.swift; sourceTree = "<group>"; };
		5B93F0982A261C3D00E53CD8 /* Assets.xcassets */ = {isa = PBXFileReference; lastKnownFileType = folder.assetcatalog; path = Assets.xcassets; sourceTree = "<group>"; };
		5B93F09B2A261C3D00E53CD8 /* Preview Assets.xcassets */ = {isa = PBXFileReference; lastKnownFileType = folder.assetcatalog; path = "Preview Assets.xcassets"; sourceTree = "<group>"; };
		5B93F0A22A261C4600E53CD8 /* Rotation.swift */ = {isa = PBXFileReference; lastKnownFileType = sourcecode.swift; path = Rotation.swift; sourceTree = "<group>"; };
		5B93F0EF2A2638CA00E53CD8 /* Tree_average_bare.dae */ = {isa = PBXFileReference; fileEncoding = 4; lastKnownFileType = text.xml.dae; name = Tree_average_bare.dae; path = ../../Objects/Deciduous_Trees/Tree_average_bare.dae; sourceTree = "<group>"; };
		5B93F0F12A26F7B800E53CD8 /* CustomSceneView.swift */ = {isa = PBXFileReference; lastKnownFileType = sourcecode.swift; path = CustomSceneView.swift; sourceTree = "<group>"; };
		5B93F0F32A26F87C00E53CD8 /* Home.swift */ = {isa = PBXFileReference; lastKnownFileType = sourcecode.swift; path = Home.swift; sourceTree = "<group>"; };
		5B93F0F52A26F98700E53CD8 /* ContentView.swift */ = {isa = PBXFileReference; lastKnownFileType = sourcecode.swift; path = ContentView.swift; sourceTree = "<group>"; };
		5B93F0F72A27350100E53CD8 /* Tree_average_bare.scn */ = {isa = PBXFileReference; lastKnownFileType = file.bplist; name = Tree_average_bare.scn; path = ../../Objects/Deciduous_Trees/Tree_average_bare.scn; sourceTree = "<group>"; };
/* End PBXFileReference section */

/* Begin PBXFrameworksBuildPhase section */
		5B93F08E2A261C3C00E53CD8 /* Frameworks */ = {
			isa = PBXFrameworksBuildPhase;
			buildActionMask = 2147483647;
			files = (
			);
			runOnlyForDeploymentPostprocessing = 0;
		};
/* End PBXFrameworksBuildPhase section */

/* Begin PBXGroup section */
		5B93F0882A261C3C00E53CD8 = {
			isa = PBXGroup;
			children = (
				5B93F0F52A26F98700E53CD8 /* ContentView.swift */,
				5B93F0F32A26F87C00E53CD8 /* Home.swift */,
				5B93F0F12A26F7B800E53CD8 /* CustomSceneView.swift */,
				5B93F0D42A2621D800E53CD8 /* Objects */,
				5B93F0932A261C3C00E53CD8 /* RotationTutorial */,
				5B93F0922A261C3C00E53CD8 /* Products */,
			);
			sourceTree = "<group>";
		};
		5B93F0922A261C3C00E53CD8 /* Products */ = {
			isa = PBXGroup;
			children = (
				5B93F0912A261C3C00E53CD8 /* RotationTutorial.app */,
			);
			name = Products;
			sourceTree = "<group>";
		};
		5B93F0932A261C3C00E53CD8 /* RotationTutorial */ = {
			isa = PBXGroup;
			children = (
				5B93F0A22A261C4600E53CD8 /* Rotation.swift */,
				5B93F0942A261C3C00E53CD8 /* RotationTutorialApp.swift */,
				5B93F0982A261C3D00E53CD8 /* Assets.xcassets */,
				5B93F09A2A261C3D00E53CD8 /* Preview Content */,
			);
			path = RotationTutorial;
			sourceTree = "<group>";
		};
		5B93F09A2A261C3D00E53CD8 /* Preview Content */ = {
			isa = PBXGroup;
			children = (
				5B93F09B2A261C3D00E53CD8 /* Preview Assets.xcassets */,
			);
			path = "Preview Content";
			sourceTree = "<group>";
		};
		5B93F0D42A2621D800E53CD8 /* Objects */ = {
			isa = PBXGroup;
			children = (
				5B93F0EF2A2638CA00E53CD8 /* Tree_average_bare.dae */,
				5B93F0F72A27350100E53CD8 /* Tree_average_bare.scn */,
			);
			path = Objects;
			sourceTree = "<group>";
		};
/* End PBXGroup section */

/* Begin PBXNativeTarget section */
		5B93F0902A261C3C00E53CD8 /* RotationTutorial */ = {
			isa = PBXNativeTarget;
			buildConfigurationList = 5B93F09F2A261C3D00E53CD8 /* Build configuration list for PBXNativeTarget "RotationTutorial" */;
			buildPhases = (
				5B93F08D2A261C3C00E53CD8 /* Sources */,
				5B93F08E2A261C3C00E53CD8 /* Frameworks */,
				5B93F08F2A261C3C00E53CD8 /* Resources */,
			);
			buildRules = (
			);
			dependencies = (
			);
			name = RotationTutorial;
			productName = RotationTutorial;
			productReference = 5B93F0912A261C3C00E53CD8 /* RotationTutorial.app */;
			productType = "com.apple.product-type.application";
		};
/* End PBXNativeTarget section */

/* Begin PBXProject section */
		5B93F0892A261C3C00E53CD8 /* Project object */ = {
			isa = PBXProject;
			attributes = {
				BuildIndependentTargetsInParallel = 1;
				LastSwiftUpdateCheck = 1430;
				LastUpgradeCheck = 1430;
				TargetAttributes = {
					5B93F0902A261C3C00E53CD8 = {
						CreatedOnToolsVersion = 14.3;
					};
				};
			};
			buildConfigurationList = 5B93F08C2A261C3C00E53CD8 /* Build configuration list for PBXProject "RotationTutorial" */;
			compatibilityVersion = "Xcode 14.0";
			developmentRegion = en;
			hasScannedForEncodings = 0;
			knownRegions = (
				en,
				Base,
			);
			mainGroup = 5B93F0882A261C3C00E53CD8;
			productRefGroup = 5B93F0922A261C3C00E53CD8 /* Products */;
			projectDirPath = "";
			projectRoot = "";
			targets = (
				5B93F0902A261C3C00E53CD8 /* RotationTutorial */,
			);
		};
/* End PBXProject section */

/* Begin PBXResourcesBuildPhase section */
		5B93F08F2A261C3C00E53CD8 /* Resources */ = {
			isa = PBXResourcesBuildPhase;
			buildActionMask = 2147483647;
			files = (
				5B93F0F02A2638CA00E53CD8 /* Tree_average_bare.dae in Resources */,
				5B93F09C2A261C3D00E53CD8 /* Preview Assets.xcassets in Resources */,
				5B93F0F82A27350100E53CD8 /* Tree_average_bare.scn in Resources */,
				5B93F0992A261C3D00E53CD8 /* Assets.xcassets in Resources */,
			);
			runOnlyForDeploymentPostprocessing = 0;
		};
/* End PBXResourcesBuildPhase section */

/* Begin PBXSourcesBuildPhase section */
		5B93F08D2A261C3C00E53CD8 /* Sources */ = {
			isa = PBXSourcesBuildPhase;
			buildActionMask = 2147483647;
			files = (
				5B93F0952A261C3C00E53CD8 /* RotationTutorialApp.swift in Sources */,
				5B93F0F62A26F98700E53CD8 /* ContentView.swift in Sources */,
				5B93F0F22A26F7B800E53CD8 /* CustomSceneView.swift in Sources */,
				5B93F0F42A26F87C00E53CD8 /* Home.swift in Sources */,
				5B93F0A32A261C4600E53CD8 /* Rotation.swift in Sources */,
			);
			runOnlyForDeploymentPostprocessing = 0;
		};
/* End PBXSourcesBuildPhase section */

/* Begin XCBuildConfiguration section */
		5B93F09D2A261C3D00E53CD8 /* Debug */ = {
			isa = XCBuildConfiguration;
			buildSettings = {
				ALWAYS_SEARCH_USER_PATHS = NO;
				CLANG_ANALYZER_NONNULL = YES;
				CLANG_ANALYZER_NUMBER_OBJECT_CONVERSION = YES_AGGRESSIVE;
				CLANG_CXX_LANGUAGE_STANDARD = "gnu++20";
				CLANG_ENABLE_MODULES = YES;
				CLANG_ENABLE_OBJC_ARC = YES;
				CLANG_ENABLE_OBJC_WEAK = YES;
				CLANG_WARN_BLOCK_CAPTURE_AUTORELEASING = YES;
				CLANG_WARN_BOOL_CONVERSION = YES;
				CLANG_WARN_COMMA = YES;
				CLANG_WARN_CONSTANT_CONVERSION = YES;
				CLANG_WARN_DEPRECATED_OBJC_IMPLEMENTATIONS = YES;
				CLANG_WARN_DIRECT_OBJC_ISA_USAGE = YES_ERROR;
				CLANG_WARN_DOCUMENTATION_COMMENTS = YES;
				CLANG_WARN_EMPTY_BODY = YES;
				CLANG_WARN_ENUM_CONVERSION = YES;
				CLANG_WARN_INFINITE_RECURSION = YES;
				CLANG_WARN_INT_CONVERSION = YES;
				CLANG_WARN_NON_LITERAL_NULL_CONVERSION = YES;
				CLANG_WARN_OBJC_IMPLICIT_RETAIN_SELF = YES;
				CLANG_WARN_OBJC_LITERAL_CONVERSION = YES;
				CLANG_WARN_OBJC_ROOT_CLASS = YES_ERROR;
				CLANG_WARN_QUOTED_INCLUDE_IN_FRAMEWORK_HEADER = YES;
				CLANG_WARN_RANGE_LOOP_ANALYSIS = YES;
				CLANG_WARN_STRICT_PROTOTYPES = YES;
				CLANG_WARN_SUSPICIOUS_MOVE = YES;
				CLANG_WARN_UNGUARDED_AVAILABILITY = YES_AGGRESSIVE;
				CLANG_WARN_UNREACHABLE_CODE = YES;
				CLANG_WARN__DUPLICATE_METHOD_MATCH = YES;
				COPY_PHASE_STRIP = NO;
				DEBUG_INFORMATION_FORMAT = dwarf;
				ENABLE_STRICT_OBJC_MSGSEND = YES;
				ENABLE_TESTABILITY = YES;
				GCC_C_LANGUAGE_STANDARD = gnu11;
				GCC_DYNAMIC_NO_PIC = NO;
				GCC_NO_COMMON_BLOCKS = YES;
				GCC_OPTIMIZATION_LEVEL = 0;
				GCC_PREPROCESSOR_DEFINITIONS = (
					"DEBUG=1",
					"$(inherited)",
				);
				GCC_WARN_64_TO_32_BIT_CONVERSION = YES;
				GCC_WARN_ABOUT_RETURN_TYPE = YES_ERROR;
				GCC_WARN_UNDECLARED_SELECTOR = YES;
				GCC_WARN_UNINITIALIZED_AUTOS = YES_AGGRESSIVE;
				GCC_WARN_UNUSED_FUNCTION = YES;
				GCC_WARN_UNUSED_VARIABLE = YES;
				IPHONEOS_DEPLOYMENT_TARGET = 16.4;
				MTL_ENABLE_DEBUG_INFO = INCLUDE_SOURCE;
				MTL_FAST_MATH = YES;
				ONLY_ACTIVE_ARCH = YES;
				SDKROOT = iphoneos;
				SWIFT_ACTIVE_COMPILATION_CONDITIONS = DEBUG;
				SWIFT_OPTIMIZATION_LEVEL = "-Onone";
			};
			name = Debug;
		};
		5B93F09E2A261C3D00E53CD8 /* Release */ = {
			isa = XCBuildConfiguration;
			buildSettings = {
				ALWAYS_SEARCH_USER_PATHS = NO;
				CLANG_ANALYZER_NONNULL = YES;
				CLANG_ANALYZER_NUMBER_OBJECT_CONVERSION = YES_AGGRESSIVE;
				CLANG_CXX_LANGUAGE_STANDARD = "gnu++20";
				CLANG_ENABLE_MODULES = YES;
				CLANG_ENABLE_OBJC_ARC = YES;
				CLANG_ENABLE_OBJC_WEAK = YES;
				CLANG_WARN_BLOCK_CAPTURE_AUTORELEASING = YES;
				CLANG_WARN_BOOL_CONVERSION = YES;
				CLANG_WARN_COMMA = YES;
				CLANG_WARN_CONSTANT_CONVERSION = YES;
				CLANG_WARN_DEPRECATED_OBJC_IMPLEMENTATIONS = YES;
				CLANG_WARN_DIRECT_OBJC_ISA_USAGE = YES_ERROR;
				CLANG_WARN_DOCUMENTATION_COMMENTS = YES;
				CLANG_WARN_EMPTY_BODY = YES;
				CLANG_WARN_ENUM_CONVERSION = YES;
				CLANG_WARN_INFINITE_RECURSION = YES;
				CLANG_WARN_INT_CONVERSION = YES;
				CLANG_WARN_NON_LITERAL_NULL_CONVERSION = YES;
				CLANG_WARN_OBJC_IMPLICIT_RETAIN_SELF = YES;
				CLANG_WARN_OBJC_LITERAL_CONVERSION = YES;
				CLANG_WARN_OBJC_ROOT_CLASS = YES_ERROR;
				CLANG_WARN_QUOTED_INCLUDE_IN_FRAMEWORK_HEADER = YES;
				CLANG_WARN_RANGE_LOOP_ANALYSIS = YES;
				CLANG_WARN_STRICT_PROTOTYPES = YES;
				CLANG_WARN_SUSPICIOUS_MOVE = YES;
				CLANG_WARN_UNGUARDED_AVAILABILITY = YES_AGGRESSIVE;
				CLANG_WARN_UNREACHABLE_CODE = YES;
				CLANG_WARN__DUPLICATE_METHOD_MATCH = YES;
				COPY_PHASE_STRIP = NO;
				DEBUG_INFORMATION_FORMAT = "dwarf-with-dsym";
				ENABLE_NS_ASSERTIONS = NO;
				ENABLE_STRICT_OBJC_MSGSEND = YES;
				GCC_C_LANGUAGE_STANDARD = gnu11;
				GCC_NO_COMMON_BLOCKS = YES;
				GCC_WARN_64_TO_32_BIT_CONVERSION = YES;
				GCC_WARN_ABOUT_RETURN_TYPE = YES_ERROR;
				GCC_WARN_UNDECLARED_SELECTOR = YES;
				GCC_WARN_UNINITIALIZED_AUTOS = YES_AGGRESSIVE;
				GCC_WARN_UNUSED_FUNCTION = YES;
				GCC_WARN_UNUSED_VARIABLE = YES;
				IPHONEOS_DEPLOYMENT_TARGET = 16.4;
				MTL_ENABLE_DEBUG_INFO = NO;
				MTL_FAST_MATH = YES;
				SDKROOT = iphoneos;
				SWIFT_COMPILATION_MODE = wholemodule;
				SWIFT_OPTIMIZATION_LEVEL = "-O";
				VALIDATE_PRODUCT = YES;
			};
			name = Release;
		};
		5B93F0A02A261C3D00E53CD8 /* Debug */ = {
			isa = XCBuildConfiguration;
			buildSettings = {
				ASSETCATALOG_COMPILER_APPICON_NAME = AppIcon;
				ASSETCATALOG_COMPILER_GLOBAL_ACCENT_COLOR_NAME = AccentColor;
				CODE_SIGN_STYLE = Automatic;
				CURRENT_PROJECT_VERSION = 1;
				DEVELOPMENT_ASSET_PATHS = "\"RotationTutorial/Preview Content\"";
				DEVELOPMENT_TEAM = 5Z238234D5;
				ENABLE_PREVIEWS = YES;
				GENERATE_INFOPLIST_FILE = YES;
				INFOPLIST_KEY_UIApplicationSceneManifest_Generation = YES;
				INFOPLIST_KEY_UIApplicationSupportsIndirectInputEvents = YES;
				INFOPLIST_KEY_UILaunchScreen_Generation = YES;
				INFOPLIST_KEY_UISupportedInterfaceOrientations_iPad = "UIInterfaceOrientationPortrait UIInterfaceOrientationPortraitUpsideDown UIInterfaceOrientationLandscapeLeft UIInterfaceOrientationLandscapeRight";
				INFOPLIST_KEY_UISupportedInterfaceOrientations_iPhone = "UIInterfaceOrientationPortrait UIInterfaceOrientationLandscapeLeft UIInterfaceOrientationLandscapeRight";
				LD_RUNPATH_SEARCH_PATHS = (
					"$(inherited)",
					"@executable_path/Frameworks",
				);
				MARKETING_VERSION = 1.0;
				PRODUCT_BUNDLE_IDENTIFIER = pos.RotationTutorial;
				PRODUCT_NAME = "$(TARGET_NAME)";
				SWIFT_EMIT_LOC_STRINGS = YES;
				SWIFT_VERSION = 5.0;
				TARGETED_DEVICE_FAMILY = "1,2";
			};
			name = Debug;
		};
		5B93F0A12A261C3D00E53CD8 /* Release */ = {
			isa = XCBuildConfiguration;
			buildSettings = {
				ASSETCATALOG_COMPILER_APPICON_NAME = AppIcon;
				ASSETCATALOG_COMPILER_GLOBAL_ACCENT_COLOR_NAME = AccentColor;
				CODE_SIGN_STYLE = Automatic;
				CURRENT_PROJECT_VERSION = 1;
				DEVELOPMENT_ASSET_PATHS = "\"RotationTutorial/Preview Content\"";
				DEVELOPMENT_TEAM = 5Z238234D5;
				ENABLE_PREVIEWS = YES;
				GENERATE_INFOPLIST_FILE = YES;
				INFOPLIST_KEY_UIApplicationSceneManifest_Generation = YES;
				INFOPLIST_KEY_UIApplicationSupportsIndirectInputEvents = YES;
				INFOPLIST_KEY_UILaunchScreen_Generation = YES;
				INFOPLIST_KEY_UISupportedInterfaceOrientations_iPad = "UIInterfaceOrientationPortrait UIInterfaceOrientationPortraitUpsideDown UIInterfaceOrientationLandscapeLeft UIInterfaceOrientationLandscapeRight";
				INFOPLIST_KEY_UISupportedInterfaceOrientations_iPhone = "UIInterfaceOrientationPortrait UIInterfaceOrientationLandscapeLeft UIInterfaceOrientationLandscapeRight";
				LD_RUNPATH_SEARCH_PATHS = (
					"$(inherited)",
					"@executable_path/Frameworks",
				);
				MARKETING_VERSION = 1.0;
				PRODUCT_BUNDLE_IDENTIFIER = pos.RotationTutorial;
				PRODUCT_NAME = "$(TARGET_NAME)";
				SWIFT_EMIT_LOC_STRINGS = YES;
				SWIFT_VERSION = 5.0;
				TARGETED_DEVICE_FAMILY = "1,2";
			};
			name = Release;
		};
/* End XCBuildConfiguration section */

/* Begin XCConfigurationList section */
		5B93F08C2A261C3C00E53CD8 /* Build configuration list for PBXProject "RotationTutorial" */ = {
			isa = XCConfigurationList;
			buildConfigurations = (
				5B93F09D2A261C3D00E53CD8 /* Debug */,
				5B93F09E2A261C3D00E53CD8 /* Release */,
			);
			defaultConfigurationIsVisible = 0;
			defaultConfigurationName = Release;
		};
		5B93F09F2A261C3D00E53CD8 /* Build configuration list for PBXNativeTarget "RotationTutorial" */ = {
			isa = XCConfigurationList;
			buildConfigurations = (
				5B93F0A02A261C3D00E53CD8 /* Debug */,
				5B93F0A12A261C3D00E53CD8 /* Release */,
			);
			defaultConfigurationIsVisible = 0;
			defaultConfigurationName = Release;
		};
/* End XCConfigurationList section */
	};
	rootObject = 5B93F0892A261C3C00E53CD8 /* Project object */;
}
